{
  "name": "backend-course-2025-3",
  "version": "1.0.0",
  "lockfileVersion": 3,
  "requires": true,
  "packages": {
    "": {
      "name": "backend-course-2025-3",
      "version": "1.0.0",
      "license": "ISC",
      "dependencies": {
        "commander": "^14.0.1",
        "fs": "^0.0.1-security"
      }
    },
    "node_modules/commander": {
      "version": "14.0.1",
      "resolved": "https://registry.npmjs.org/commander/-/commander-14.0.1.tgz",
      "integrity": "sha512-2JkV3gUZUVrbNA+1sjBOYLsMZ5cEEl8GTFP2a4AVz5hvasAMCQ1D2l2le/cX+pV4N6ZU17zjUahLpIXRrnWL8A==",
      "license": "MIT",
      "engines": {
        "node": ">=20"
      }
    },
    "node_modules/fs": {
      "version": "0.0.1-security",
      "resolved": "https://registry.npmjs.org/fs/-/fs-0.0.1-security.tgz",
      "integrity": "sha512-3XY9e1pP0CVEUCdj5BmfIZxRBTSDycnbqhIOGec9QYtmVH2fbLpj86CFWkrNOkt/Fvty4KZG5lTglL9j/gJ87w==",
      "license": "ISC"
    }
  }
}
